// !$*UTF8*$!
{
	archiveVersion = 1;
	classes = {
	};
	objectVersion = 77;
	objects = {

/* Begin PBXBuildFile section */
		F7AC11742DAA09A300CB2FEE /* RealityKitContent in Frameworks */ = {isa = PBXBuildFile; productRef = F7AC11732DAA09A300CB2FEE /* RealityKitContent */; };
/* End PBXBuildFile section */

/* Begin PBXContainerItemProxy section */
		F7AC11812DAA09A600CB2FEE /* PBXContainerItemProxy */ = {
			isa = PBXContainerItemProxy;
			containerPortal = F7AC11662DAA09A300CB2FEE /* Project object */;
			proxyType = 1;
			remoteGlobalIDString = F7AC116D2DAA09A300CB2FEE;
			remoteInfo = BookReader;
		};
/* End PBXContainerItemProxy section */

/* Begin PBXFileReference section */
		F7AC116E2DAA09A300CB2FEE /* BookReader.app */ = {isa = PBXFileReference; explicitFileType = wrapper.application; includeInIndex = 0; path = BookReader.app; sourceTree = BUILT_PRODUCTS_DIR; };
		F7AC11722DAA09A300CB2FEE /* RealityKitContent */ = {isa = PBXFileReference; lastKnownFileType = wrapper; path = RealityKitContent; sourceTree = "<group>"; };
		F7AC11802DAA09A600CB2FEE /* BookReaderTests.xctest */ = {isa = PBXFileReference; explicitFileType = wrapper.cfbundle; includeInIndex = 0; path = BookReaderTests.xctest; sourceTree = BUILT_PRODUCTS_DIR; };
/* End PBXFileReference section */

/* Begin PBXFileSystemSynchronizedBuildFileExceptionSet section */
		F7AC11862DAA09A600CB2FEE /* Exceptions for "BookReader" folder in "BookReader" target */ = {
			isa = PBXFileSystemSynchronizedBuildFileExceptionSet;
			membershipExceptions = (
				Info.plist,
			);
			target = F7AC116D2DAA09A300CB2FEE /* BookReader */;
		};
/* End PBXFileSystemSynchronizedBuildFileExceptionSet section */

/* Begin PBXFileSystemSynchronizedRootGroup section */
		F7AC11702DAA09A300CB2FEE /* BookReader */ = {
			isa = PBXFileSystemSynchronizedRootGroup;
			exceptions = (
				F7AC11862DAA09A600CB2FEE /* Exceptions for "BookReader" folder in "BookReader" target */,
			);
			path = BookReader;
			sourceTree = "<group>";
		};
		F7AC11832DAA09A600CB2FEE /* BookReaderTests */ = {
			isa = PBXFileSystemSynchronizedRootGroup;
			path = BookReaderTests;
			sourceTree = "<group>";
		};
/* End PBXFileSystemSynchronizedRootGroup section */

/* Begin PBXFrameworksBuildPhase section */
		F7AC116B2DAA09A300CB2FEE /* Frameworks */ = {
			isa = PBXFrameworksBuildPhase;
			buildActionMask = 2147483647;
			files = (
				F7AC11742DAA09A300CB2FEE /* RealityKitContent in Frameworks */,
			);
			runOnlyForDeploymentPostprocessing = 0;
		};
		F7AC117D2DAA09A600CB2FEE /* Frameworks */ = {
			isa = PBXFrameworksBuildPhase;
			buildActionMask = 2147483647;
			files = (
			);
			runOnlyForDeploymentPostprocessing = 0;
		};
/* End PBXFrameworksBuildPhase section */

/* Begin PBXGroup section */
		F7AC11652DAA09A300CB2FEE = {
			isa = PBXGroup;
			children = (
				F7AC11702DAA09A300CB2FEE /* BookReader */,
				F7AC11712DAA09A300CB2FEE /* Packages */,
				F7AC11832DAA09A600CB2FEE /* BookReaderTests */,
				F7AC116F2DAA09A300CB2FEE /* Products */,
			);
			sourceTree = "<group>";
		};
		F7AC116F2DAA09A300CB2FEE /* Products */ = {
			isa = PBXGroup;
			children = (
				F7AC116E2DAA09A300CB2FEE /* BookReader.app */,
				F7AC11802DAA09A600CB2FEE /* BookReaderTests.xctest */,
			);
			name = Products;
			sourceTree = "<group>";
		};
		F7AC11712DAA09A300CB2FEE /* Packages */ = {
			isa = PBXGroup;
			children = (
				F7AC11722DAA09A300CB2FEE /* RealityKitContent */,
			);
			path = Packages;
			sourceTree = "<group>";
		};
/* End PBXGroup section */

/* Begin PBXNativeTarget section */
		F7AC116D2DAA09A300CB2FEE /* BookReader */ = {
			isa = PBXNativeTarget;
			buildConfigurationList = F7AC11872DAA09A600CB2FEE /* Build configuration list for PBXNativeTarget "BookReader" */;
			buildPhases = (
				F7AC116A2DAA09A300CB2FEE /* Sources */,
				F7AC116B2DAA09A300CB2FEE /* Frameworks */,
				F7AC116C2DAA09A300CB2FEE /* Resources */,
			);
			buildRules = (
			);
			dependencies = (
			);
			fileSystemSynchronizedGroups = (
				F7AC11702DAA09A300CB2FEE /* BookReader */,
			);
			name = BookReader;
			packageProductDependencies = (
				F7AC11732DAA09A300CB2FEE /* RealityKitContent */,
			);
			productName = BookReader;
			productReference = F7AC116E2DAA09A300CB2FEE /* BookReader.app */;
			productType = "com.apple.product-type.application";
		};
		F7AC117F2DAA09A600CB2FEE /* BookReaderTests */ = {
			isa = PBXNativeTarget;
			buildConfigurationList = F7AC118C2DAA09A600CB2FEE /* Build configuration list for PBXNativeTarget "BookReaderTests" */;
			buildPhases = (
				F7AC117C2DAA09A600CB2FEE /* Sources */,
				F7AC117D2DAA09A600CB2FEE /* Frameworks */,
				F7AC117E2DAA09A600CB2FEE /* Resources */,
			);
			buildRules = (
			);
			dependencies = (
				F7AC11822DAA09A600CB2FEE /* PBXTargetDependency */,
			);
			fileSystemSynchronizedGroups = (
				F7AC11832DAA09A600CB2FEE /* BookReaderTests */,
			);
			name = BookReaderTests;
			packageProductDependencies = (
			);
			productName = BookReaderTests;
			productReference = F7AC11802DAA09A600CB2FEE /* BookReaderTests.xctest */;
			productType = "com.apple.product-type.bundle.unit-test";
		};
/* End PBXNativeTarget section */

/* Begin PBXProject section */
		F7AC11662DAA09A300CB2FEE /* Project object */ = {
			isa = PBXProject;
			attributes = {
				BuildIndependentTargetsInParallel = 1;
				LastSwiftUpdateCheck = 1630;
				LastUpgradeCheck = 1630;
				TargetAttributes = {
					F7AC116D2DAA09A300CB2FEE = {
						CreatedOnToolsVersion = 16.3;
					};
					F7AC117F2DAA09A600CB2FEE = {
						CreatedOnToolsVersion = 16.3;
						TestTargetID = F7AC116D2DAA09A300CB2FEE;
					};
				};
			};
			buildConfigurationList = F7AC11692DAA09A300CB2FEE /* Build configuration list for PBXProject "BookReader" */;
			developmentRegion = en;
			hasScannedForEncodings = 0;
			knownRegions = (
				en,
				Base,
			);
			mainGroup = F7AC11652DAA09A300CB2FEE;
			minimizedProjectReferenceProxies = 1;
			preferredProjectObjectVersion = 77;
			productRefGroup = F7AC116F2DAA09A300CB2FEE /* Products */;
			projectDirPath = "";
			projectRoot = "";
			targets = (
				F7AC116D2DAA09A300CB2FEE /* BookReader */,
				F7AC117F2DAA09A600CB2FEE /* BookReaderTests */,
			);
		};
/* End PBXProject section */

/* Begin PBXResourcesBuildPhase section */
		F7AC116C2DAA09A300CB2FEE /* Resources */ = {
			isa = PBXResourcesBuildPhase;
			buildActionMask = 2147483647;
			files = (
			);
			runOnlyForDeploymentPostprocessing = 0;
		};
		F7AC117E2DAA09A600CB2FEE /* Resources */ = {
			isa = PBXResourcesBuildPhase;
			buildActionMask = 2147483647;
			files = (
			);
			runOnlyForDeploymentPostprocessing = 0;
		};
/* End PBXResourcesBuildPhase section */

/* Begin PBXSourcesBuildPhase section */
		F7AC116A2DAA09A300CB2FEE /* Sources */ = {
			isa = PBXSourcesBuildPhase;
			buildActionMask = 2147483647;
			files = (
			);
			runOnlyForDeploymentPostprocessing = 0;
		};
		F7AC117C2DAA09A600CB2FEE /* Sources */ = {
			isa = PBXSourcesBuildPhase;
			buildActionMask = 2147483647;
			files = (
			);
			runOnlyForDeploymentPostprocessing = 0;
		};
/* End PBXSourcesBuildPhase section */

/* Begin PBXTargetDependency section */
		F7AC11822DAA09A600CB2FEE /* PBXTargetDependency */ = {
			isa = PBXTargetDependency;
			target = F7AC116D2DAA09A300CB2FEE /* BookReader */;
			targetProxy = F7AC11812DAA09A600CB2FEE /* PBXContainerItemProxy */;
		};
/* End PBXTargetDependency section */

/* Begin XCBuildConfiguration section */
		F7AC11882DAA09A600CB2FEE /* Debug */ = {
			isa = XCBuildConfiguration;
			buildSettings = {
				ASSETCATALOG_COMPILER_APPICON_NAME = AppIcon;
				ASSETCATALOG_COMPILER_GLOBAL_ACCENT_COLOR_NAME = AccentColor;
				CODE_SIGN_STYLE = Automatic;
				CURRENT_PROJECT_VERSION = 1;
				DEVELOPMENT_TEAM = Z8GB7VB9S8;
				ENABLE_PREVIEWS = YES;
				GENERATE_INFOPLIST_FILE = YES;
				INFOPLIST_FILE = "$(TARGET_NAME)/Info.plist";
				LD_RUNPATH_SEARCH_PATHS = (
					"$(inherited)",
					"@executable_path/Frameworks",
				);
				MARKETING_VERSION = 1.0;
				PRODUCT_BUNDLE_IDENTIFIER = com.jayden.BookReader;
				PRODUCT_NAME = "$(TARGET_NAME)";
				SUPPORTED_PLATFORMS = "xros xrsimulator";
				SWIFT_EMIT_LOC_STRINGS = YES;
				SWIFT_VERSION = 5.0;
				TARGETED_DEVICE_FAMILY = 7;
			};
			name = Debug;
		};
		F7AC11892DAA09A600CB2FEE /* Release */ = {
			isa = XCBuildConfiguration;
			buildSettings = {
				ASSETCATALOG_COMPILER_APPICON_NAME = AppIcon;
				ASSETCATALOG_COMPILER_GLOBAL_ACCENT_COLOR_NAME = AccentColor;
				CODE_SIGN_STYLE = Automatic;
				CURRENT_PROJECT_VERSION = 1;
				DEVELOPMENT_TEAM = Z8GB7VB9S8;
				ENABLE_PREVIEWS = YES;
				GENERATE_INFOPLIST_FILE = YES;
				INFOPLIST_FILE = "$(TARGET_NAME)/Info.plist";
				LD_RUNPATH_SEARCH_PATHS = (
					"$(inherited)",
					"@executable_path/Frameworks",
				);
				MARKETING_VERSION = 1.0;
				PRODUCT_BUNDLE_IDENTIFIER = com.jayden.BookReader;
				PRODUCT_NAME = "$(TARGET_NAME)";
				SUPPORTED_PLATFORMS = "xros xrsimulator";
				SWIFT_EMIT_LOC_STRINGS = YES;
				SWIFT_VERSION = 5.0;
				TARGETED_DEVICE_FAMILY = 7;
			};
			name = Release;
		};
		F7AC118A2DAA09A600CB2FEE /* Debug */ = {
			isa = XCBuildConfiguration;
			buildSettings = {
				ALWAYS_SEARCH_USER_PATHS = NO;
				ASSETCATALOG_COMPILER_GENERATE_SWIFT_ASSET_SYMBOL_EXTENSIONS = YES;
				CLANG_ANALYZER_NONNULL = YES;
				CLANG_ANALYZER_NUMBER_OBJECT_CONVERSION = YES_AGGRESSIVE;
				CLANG_CXX_LANGUAGE_STANDARD = "gnu++20";
				CLANG_ENABLE_MODULES = YES;
				CLANG_ENABLE_OBJC_ARC = YES;
				CLANG_ENABLE_OBJC_WEAK = YES;
				CLANG_WARN_BLOCK_CAPTURE_AUTORELEASING = YES;
				CLANG_WARN_BOOL_CONVERSION = YES;
				CLANG_WARN_COMMA = YES;
				CLANG_WARN_CONSTANT_CONVERSION = YES;
				CLANG_WARN_DEPRECATED_OBJC_IMPLEMENTATIONS = YES;
				CLANG_WARN_DIRECT_OBJC_ISA_USAGE = YES_ERROR;
				CLANG_WARN_DOCUMENTATION_COMMENTS = YES;
				CLANG_WARN_EMPTY_BODY = YES;
				CLANG_WARN_ENUM_CONVERSION = YES;
				CLANG_WARN_INFINITE_RECURSION = YES;
				CLANG_WARN_INT_CONVERSION = YES;
				CLANG_WARN_NON_LITERAL_NULL_CONVERSION = YES;
				CLANG_WARN_OBJC_IMPLICIT_RETAIN_SELF = YES;
				CLANG_WARN_OBJC_LITERAL_CONVERSION = YES;
				CLANG_WARN_OBJC_ROOT_CLASS = YES_ERROR;
				CLANG_WARN_QUOTED_INCLUDE_IN_FRAMEWORK_HEADER = YES;
				CLANG_WARN_RANGE_LOOP_ANALYSIS = YES;
				CLANG_WARN_STRICT_PROTOTYPES = YES;
				CLANG_WARN_SUSPICIOUS_MOVE = YES;
				CLANG_WARN_UNGUARDED_AVAILABILITY = YES_AGGRESSIVE;
				CLANG_WARN_UNREACHABLE_CODE = YES;
				CLANG_WARN__DUPLICATE_METHOD_MATCH = YES;
				COPY_PHASE_STRIP = NO;
				DEBUG_INFORMATION_FORMAT = dwarf;
				DEVELOPMENT_TEAM = Z8GB7VB9S8;
				ENABLE_STRICT_OBJC_MSGSEND = YES;
				ENABLE_TESTABILITY = YES;
				ENABLE_USER_SCRIPT_SANDBOXING = YES;
				GCC_C_LANGUAGE_STANDARD = gnu17;
				GCC_DYNAMIC_NO_PIC = NO;
				GCC_NO_COMMON_BLOCKS = YES;
				GCC_OPTIMIZATION_LEVEL = 0;
				GCC_PREPROCESSOR_DEFINITIONS = (
					"DEBUG=1",
					"$(inherited)",
				);
				GCC_WARN_64_TO_32_BIT_CONVERSION = YES;
				GCC_WARN_ABOUT_RETURN_TYPE = YES_ERROR;
				GCC_WARN_UNDECLARED_SELECTOR = YES;
				GCC_WARN_UNINITIALIZED_AUTOS = YES_AGGRESSIVE;
				GCC_WARN_UNUSED_FUNCTION = YES;
				GCC_WARN_UNUSED_VARIABLE = YES;
				LOCALIZATION_PREFERS_STRING_CATALOGS = YES;
				MTL_ENABLE_DEBUG_INFO = INCLUDE_SOURCE;
				MTL_FAST_MATH = YES;
				ONLY_ACTIVE_ARCH = YES;
				SDKROOT = xros;
				SWIFT_ACTIVE_COMPILATION_CONDITIONS = "DEBUG $(inherited)";
				SWIFT_OPTIMIZATION_LEVEL = "-Onone";
				XROS_DEPLOYMENT_TARGET = 2.4;
			};
			name = Debug;
		};
		F7AC118B2DAA09A600CB2FEE /* Release */ = {
			isa = XCBuildConfiguration;
			buildSettings = {
				ALWAYS_SEARCH_USER_PATHS = NO;
				ASSETCATALOG_COMPILER_GENERATE_SWIFT_ASSET_SYMBOL_EXTENSIONS = YES;
				CLANG_ANALYZER_NONNULL = YES;
				CLANG_ANALYZER_NUMBER_OBJECT_CONVERSION = YES_AGGRESSIVE;
				CLANG_CXX_LANGUAGE_STANDARD = "gnu++20";
				CLANG_ENABLE_MODULES = YES;
				CLANG_ENABLE_OBJC_ARC = YES;
				CLANG_ENABLE_OBJC_WEAK = YES;
				CLANG_WARN_BLOCK_CAPTURE_AUTORELEASING = YES;
				CLANG_WARN_BOOL_CONVERSION = YES;
				CLANG_WARN_COMMA = YES;
				CLANG_WARN_CONSTANT_CONVERSION = YES;
				CLANG_WARN_DEPRECATED_OBJC_IMPLEMENTATIONS = YES;
				CLANG_WARN_DIRECT_OBJC_ISA_USAGE = YES_ERROR;
				CLANG_WARN_DOCUMENTATION_COMMENTS = YES;
				CLANG_WARN_EMPTY_BODY = YES;
				CLANG_WARN_ENUM_CONVERSION = YES;
				CLANG_WARN_INFINITE_RECURSION = YES;
				CLANG_WARN_INT_CONVERSION = YES;
				CLANG_WARN_NON_LITERAL_NULL_CONVERSION = YES;
				CLANG_WARN_OBJC_IMPLICIT_RETAIN_SELF = YES;
				CLANG_WARN_OBJC_LITERAL_CONVERSION = YES;
				CLANG_WARN_OBJC_ROOT_CLASS = YES_ERROR;
				CLANG_WARN_QUOTED_INCLUDE_IN_FRAMEWORK_HEADER = YES;
				CLANG_WARN_RANGE_LOOP_ANALYSIS = YES;
				CLANG_WARN_STRICT_PROTOTYPES = YES;
				CLANG_WARN_SUSPICIOUS_MOVE = YES;
				CLANG_WARN_UNGUARDED_AVAILABILITY = YES_AGGRESSIVE;
				CLANG_WARN_UNREACHABLE_CODE = YES;
				CLANG_WARN__DUPLICATE_METHOD_MATCH = YES;
				COPY_PHASE_STRIP = NO;
				DEBUG_INFORMATION_FORMAT = "dwarf-with-dsym";
				DEVELOPMENT_TEAM = Z8GB7VB9S8;
				ENABLE_NS_ASSERTIONS = NO;
				ENABLE_STRICT_OBJC_MSGSEND = YES;
				ENABLE_USER_SCRIPT_SANDBOXING = YES;
				GCC_C_LANGUAGE_STANDARD = gnu17;
				GCC_NO_COMMON_BLOCKS = YES;
				GCC_WARN_64_TO_32_BIT_CONVERSION = YES;
				GCC_WARN_ABOUT_RETURN_TYPE = YES_ERROR;
				GCC_WARN_UNDECLARED_SELECTOR = YES;
				GCC_WARN_UNINITIALIZED_AUTOS = YES_AGGRESSIVE;
				GCC_WARN_UNUSED_FUNCTION = YES;
				GCC_WARN_UNUSED_VARIABLE = YES;
				LOCALIZATION_PREFERS_STRING_CATALOGS = YES;
				MTL_ENABLE_DEBUG_INFO = NO;
				MTL_FAST_MATH = YES;
				SDKROOT = xros;
				SWIFT_COMPILATION_MODE = wholemodule;
				VALIDATE_PRODUCT = YES;
				XROS_DEPLOYMENT_TARGET = 2.4;
			};
			name = Release;
		};
		F7AC118D2DAA09A600CB2FEE /* Debug */ = {
			isa = XCBuildConfiguration;
			buildSettings = {
				BUNDLE_LOADER = "$(TEST_HOST)";
				CODE_SIGN_STYLE = Automatic;
				CURRENT_PROJECT_VERSION = 1;
				DEVELOPMENT_TEAM = Z8GB7VB9S8;
				GENERATE_INFOPLIST_FILE = YES;
				MARKETING_VERSION = 1.0;
				PRODUCT_BUNDLE_IDENTIFIER = com.jayden.BookReaderTests;
				PRODUCT_NAME = "$(TARGET_NAME)";
				SUPPORTED_PLATFORMS = "xros xrsimulator";
				SWIFT_EMIT_LOC_STRINGS = NO;
				SWIFT_VERSION = 5.0;
				TARGETED_DEVICE_FAMILY = 7;
				TEST_HOST = "$(BUILT_PRODUCTS_DIR)/BookReader.app/$(BUNDLE_EXECUTABLE_FOLDER_PATH)/BookReader";
				XROS_DEPLOYMENT_TARGET = 2.4;
			};
			name = Debug;
		};
		F7AC118E2DAA09A600CB2FEE /* Release */ = {
			isa = XCBuildConfiguration;
			buildSettings = {
				BUNDLE_LOADER = "$(TEST_HOST)";
				CODE_SIGN_STYLE = Automatic;
				CURRENT_PROJECT_VERSION = 1;
				DEVELOPMENT_TEAM = Z8GB7VB9S8;
				GENERATE_INFOPLIST_FILE = YES;
				MARKETING_VERSION = 1.0;
				PRODUCT_BUNDLE_IDENTIFIER = com.jayden.BookReaderTests;
				PRODUCT_NAME = "$(TARGET_NAME)";
				SUPPORTED_PLATFORMS = "xros xrsimulator";
				SWIFT_EMIT_LOC_STRINGS = NO;
				SWIFT_VERSION = 5.0;
				TARGETED_DEVICE_FAMILY = 7;
				TEST_HOST = "$(BUILT_PRODUCTS_DIR)/BookReader.app/$(BUNDLE_EXECUTABLE_FOLDER_PATH)/BookReader";
				XROS_DEPLOYMENT_TARGET = 2.4;
			};
			name = Release;
		};
/* End XCBuildConfiguration section */

/* Begin XCConfigurationList section */
		F7AC11692DAA09A300CB2FEE /* Build configuration list for PBXProject "BookReader" */ = {
			isa = XCConfigurationList;
			buildConfigurations = (
				F7AC118A2DAA09A600CB2FEE /* Debug */,
				F7AC118B2DAA09A600CB2FEE /* Release */,
			);
			defaultConfigurationIsVisible = 0;
			defaultConfigurationName = Release;
		};
		F7AC11872DAA09A600CB2FEE /* Build configuration list for PBXNativeTarget "BookReader" */ = {
			isa = XCConfigurationList;
			buildConfigurations = (
				F7AC11882DAA09A600CB2FEE /* Debug */,
				F7AC11892DAA09A600CB2FEE /* Release */,
			);
			defaultConfigurationIsVisible = 0;
			defaultConfigurationName = Release;
		};
		F7AC118C2DAA09A600CB2FEE /* Build configuration list for PBXNativeTarget "BookReaderTests" */ = {
			isa = XCConfigurationList;
			buildConfigurations = (
				F7AC118D2DAA09A600CB2FEE /* Debug */,
				F7AC118E2DAA09A600CB2FEE /* Release */,
			);
			defaultConfigurationIsVisible = 0;
			defaultConfigurationName = Release;
		};
/* End XCConfigurationList section */

/* Begin XCSwiftPackageProductDependency section */
		F7AC11732DAA09A300CB2FEE /* RealityKitContent */ = {
			isa = XCSwiftPackageProductDependency;
			productName = RealityKitContent;
		};
/* End XCSwiftPackageProductDependency section */
	};
	rootObject = F7AC11662DAA09A300CB2FEE /* Project object */;
}
